
Microsoft Visual Studio Solution File, Format Version 12.00
# Visual Studio Version 17
VisualStudioVersion = 17.8.34525.116
MinimumVisualStudioVersion = 10.0.40219.1
Project("{8BC9CEB8-8B4A-11D0-8D11-00A0C91BC942}") = "lesson_20.02.24", "lesson_20.02.24\lesson_20.02.24.vcxproj", "{2F142B7C-462F-4A98-8A29-5822246A1259}"
EndProject
Global
	GlobalSection(SolutionConfigurationPlatforms) = preSolution
		Debug|x64 = Debug|x64
		Debug|x86 = Debug|x86
		Release|x64 = Release|x64
		Release|x86 = Release|x86
	EndGlobalSection
	GlobalSection(ProjectConfigurationPlatforms) = postSolution
		{2F142B7C-462F-4A98-8A29-5822246A1259}.Debug|x64.ActiveCfg = Debug|x64
		{2F142B7C-462F-4A98-8A29-5822246A1259}.Debug|x64.Build.0 = Debug|x64
		{2F142B7C-462F-4A98-8A29-5822246A1259}.Debug|x86.ActiveCfg = Debug|Win32
		{2F142B7C-462F-4A98-8A29-5822246A1259}.Debug|x86.Build.0 = Debug|Win32
		{2F142B7C-462F-4A98-8A29-5822246A1259}.Release|x64.ActiveCfg = Release|x64
		{2F142B7C-462F-4A98-8A29-5822246A1259}.Release|x64.Build.0 = Release|x64
		{2F142B7C-462F-4A98-8A29-5822246A1259}.Release|x86.ActiveCfg = Release|Win32
		{2F142B7C-462F-4A98-8A29-5822246A1259}.Release|x86.Build.0 = Release|Win32
	EndGlobalSection
	GlobalSection(SolutionProperties) = preSolution
		HideSolutionNode = FALSE
	EndGlobalSection
	GlobalSection(ExtensibilityGlobals) = postSolution
		SolutionGuid = {9A34AD2D-57D5-4B09-BC4B-F6724B496A8B}
	EndGlobalSection
EndGlobal
