
Microsoft Visual Studio Solution File, Format Version 12.00
# Visual Studio Version 17
VisualStudioVersion = 17.8.34525.116
MinimumVisualStudioVersion = 10.0.40219.1
Project("{8BC9CEB8-8B4A-11D0-8D11-00A0C91BC942}") = "lesson4Project-2_08.02.24", "lesson4Project-2_08.02.24\lesson4Project-2_08.02.24.vcxproj", "{D2EB82C0-111E-49BA-B78C-9EE5BBBA106B}"
EndProject
Global
	GlobalSection(SolutionConfigurationPlatforms) = preSolution
		Debug|x64 = Debug|x64
		Debug|x86 = Debug|x86
		Release|x64 = Release|x64
		Release|x86 = Release|x86
	EndGlobalSection
	GlobalSection(ProjectConfigurationPlatforms) = postSolution
		{D2EB82C0-111E-49BA-B78C-9EE5BBBA106B}.Debug|x64.ActiveCfg = Debug|x64
		{D2EB82C0-111E-49BA-B78C-9EE5BBBA106B}.Debug|x64.Build.0 = Debug|x64
		{D2EB82C0-111E-49BA-B78C-9EE5BBBA106B}.Debug|x86.ActiveCfg = Debug|Win32
		{D2EB82C0-111E-49BA-B78C-9EE5BBBA106B}.Debug|x86.Build.0 = Debug|Win32
		{D2EB82C0-111E-49BA-B78C-9EE5BBBA106B}.Release|x64.ActiveCfg = Release|x64
		{D2EB82C0-111E-49BA-B78C-9EE5BBBA106B}.Release|x64.Build.0 = Release|x64
		{D2EB82C0-111E-49BA-B78C-9EE5BBBA106B}.Release|x86.ActiveCfg = Release|Win32
		{D2EB82C0-111E-49BA-B78C-9EE5BBBA106B}.Release|x86.Build.0 = Release|Win32
	EndGlobalSection
	GlobalSection(SolutionProperties) = preSolution
		HideSolutionNode = FALSE
	EndGlobalSection
	GlobalSection(ExtensibilityGlobals) = postSolution
		SolutionGuid = {137AD640-338D-4556-B859-775048033493}
	EndGlobalSection
EndGlobal
